
Microsoft Visual Studio Solution File, Format Version 12.00
# Visual Studio 14
VisualStudioVersion = 14.0.25123.0
MinimumVisualStudioVersion = 10.0.40219.1
Project("{FAE04EC0-301F-11D3-BF4B-00C04F79EFBC}") = "GestEmp", "GestEmp\GestEmp.csproj", "{032C8383-DA3C-467D-ADE2-624E08BF3D96}"
EndProject
Project("{2150E333-8FDC-42A3-9474-1A3956D46DE8}") = "Solution Items", "Solution Items", "{4072F8BE-0F5A-4DBE-9D7F-1D86D092D47C}"
EndProject
Global
	GlobalSection(SolutionConfigurationPlatforms) = preSolution
		Debug|Any CPU = Debug|Any CPU
		Release|Any CPU = Release|Any CPU
	EndGlobalSection
	GlobalSection(ProjectConfigurationPlatforms) = postSolution
		{032C8383-DA3C-467D-ADE2-624E08BF3D96}.Debug|Any CPU.ActiveCfg = Debug|Any CPU
		{032C8383-DA3C-467D-ADE2-624E08BF3D96}.Debug|Any CPU.Build.0 = Debug|Any CPU
		{032C8383-DA3C-467D-ADE2-624E08BF3D96}.Release|Any CPU.ActiveCfg = Release|Any CPU
		{032C8383-DA3C-467D-ADE2-624E08BF3D96}.Release|Any CPU.Build.0 = Release|Any CPU
	EndGlobalSection
	GlobalSection(SolutionProperties) = preSolution
		HideSolutionNode = FALSE
	EndGlobalSection
EndGlobal
